// !$*UTF8*$!
{
	archiveVersion = 1;
	classes = {
	};
	objectVersion = 46;
	objects = {

/* Begin PBXBuildFile section */
		4F04AD2F2DCB4A85C1D72A44 /* Pods_ZZPlayer_Example.framework in Frameworks */ = {isa = PBXBuildFile; fileRef = 3696CB1AC6C0BF6E4E67E024 /* Pods_ZZPlayer_Example.framework */; };
		6003F58E195388D20070C39A /* Foundation.framework in Frameworks */ = {isa = PBXBuildFile; fileRef = 6003F58D195388D20070C39A /* Foundation.framework */; };
		6003F590195388D20070C39A /* CoreGraphics.framework in Frameworks */ = {isa = PBXBuildFile; fileRef = 6003F58F195388D20070C39A /* CoreGraphics.framework */; };
		6003F592195388D20070C39A /* UIKit.framework in Frameworks */ = {isa = PBXBuildFile; fileRef = 6003F591195388D20070C39A /* UIKit.framework */; };
		6003F598195388D20070C39A /* InfoPlist.strings in Resources */ = {isa = PBXBuildFile; fileRef = 6003F596195388D20070C39A /* InfoPlist.strings */; };
		6003F59A195388D20070C39A /* main.m in Sources */ = {isa = PBXBuildFile; fileRef = 6003F599195388D20070C39A /* main.m */; };
		6003F59E195388D20070C39A /* ZZAppDelegate.m in Sources */ = {isa = PBXBuildFile; fileRef = 6003F59D195388D20070C39A /* ZZAppDelegate.m */; };
		6003F5A7195388D20070C39A /* ZZViewController.m in Sources */ = {isa = PBXBuildFile; fileRef = 6003F5A6195388D20070C39A /* ZZViewController.m */; };
		6003F5A9195388D20070C39A /* Images.xcassets in Resources */ = {isa = PBXBuildFile; fileRef = 6003F5A8195388D20070C39A /* Images.xcassets */; };
		6003F5B0195388D20070C39A /* XCTest.framework in Frameworks */ = {isa = PBXBuildFile; fileRef = 6003F5AF195388D20070C39A /* XCTest.framework */; };
		6003F5B1195388D20070C39A /* Foundation.framework in Frameworks */ = {isa = PBXBuildFile; fileRef = 6003F58D195388D20070C39A /* Foundation.framework */; };
		6003F5B2195388D20070C39A /* UIKit.framework in Frameworks */ = {isa = PBXBuildFile; fileRef = 6003F591195388D20070C39A /* UIKit.framework */; };
		6003F5BA195388D20070C39A /* InfoPlist.strings in Resources */ = {isa = PBXBuildFile; fileRef = 6003F5B8195388D20070C39A /* InfoPlist.strings */; };
		6003F5BC195388D20070C39A /* Tests.m in Sources */ = {isa = PBXBuildFile; fileRef = 6003F5BB195388D20070C39A /* Tests.m */; };
		6939E5BE21A695A900E57989 /* ZZPlayerLoadingView.m in Sources */ = {isa = PBXBuildFile; fileRef = 6939E5B821A695A900E57989 /* ZZPlayerLoadingView.m */; };
		6939E5BF21A695A900E57989 /* ZZVideoModel.m in Sources */ = {isa = PBXBuildFile; fileRef = 6939E5B921A695A900E57989 /* ZZVideoModel.m */; };
		6939E5C021A695A900E57989 /* ZZPlayerView.m in Sources */ = {isa = PBXBuildFile; fileRef = 6939E5BA21A695A900E57989 /* ZZPlayerView.m */; };
		6939E5C121A695A900E57989 /* ZZPlayerManager.m in Sources */ = {isa = PBXBuildFile; fileRef = 6939E5BB21A695A900E57989 /* ZZPlayerManager.m */; };
		6939E5C221A695A900E57989 /* ZZPlayerControlView.m in Sources */ = {isa = PBXBuildFile; fileRef = 6939E5BC21A695A900E57989 /* ZZPlayerControlView.m */; };
		6939E5CD21A69AF800E57989 /* ic_videodetails_loading@2x.png in Resources */ = {isa = PBXBuildFile; fileRef = 6939E5CB21A69AF800E57989 /* ic_videodetails_loading@2x.png */; };
		6939E5CE21A69AF800E57989 /* ic_videodetails_loading@3x.png in Resources */ = {isa = PBXBuildFile; fileRef = 6939E5CC21A69AF800E57989 /* ic_videodetails_loading@3x.png */; };
		6939E5D421A69F6B00E57989 /* UIViewController+ZZShouldAutorotate.m in Sources */ = {isa = PBXBuildFile; fileRef = 6939E5D321A69F6B00E57989 /* UIViewController+ZZShouldAutorotate.m */; };
		6939E5F721A6ADD900E57989 /* player_icon_unlock@2x.png in Resources */ = {isa = PBXBuildFile; fileRef = 6939E5D521A6ADD200E57989 /* player_icon_unlock@2x.png */; };
		6939E5F821A6ADD900E57989 /* close@3x.png in Resources */ = {isa = PBXBuildFile; fileRef = 6939E5D621A6ADD200E57989 /* close@3x.png */; };
		6939E5F921A6ADD900E57989 /* progress_icon_r@2x.png in Resources */ = {isa = PBXBuildFile; fileRef = 6939E5D721A6ADD200E57989 /* progress_icon_r@2x.png */; };
		6939E5FA21A6ADD900E57989 /* progress_icon_r@3x.png in Resources */ = {isa = PBXBuildFile; fileRef = 6939E5D821A6ADD300E57989 /* progress_icon_r@3x.png */; };
		6939E5FB21A6ADD900E57989 /* player_icon_lock@2x.png in Resources */ = {isa = PBXBuildFile; fileRef = 6939E5D921A6ADD300E57989 /* player_icon_lock@2x.png */; };
		6939E5FC21A6ADD900E57989 /* player_icon_download@3x.png in Resources */ = {isa = PBXBuildFile; fileRef = 6939E5DA21A6ADD300E57989 /* player_icon_download@3x.png */; };
		6939E5FD21A6ADD900E57989 /* nonfullscreen@3x.png in Resources */ = {isa = PBXBuildFile; fileRef = 6939E5DB21A6ADD300E57989 /* nonfullscreen@3x.png */; };
		6939E5FE21A6ADD900E57989 /* player_icon_unlock@3x.png in Resources */ = {isa = PBXBuildFile; fileRef = 6939E5DC21A6ADD300E57989 /* player_icon_unlock@3x.png */; };
		6939E5FF21A6ADD900E57989 /* player_ctrl_icon_play@2x.png in Resources */ = {isa = PBXBuildFile; fileRef = 6939E5DD21A6ADD400E57989 /* player_ctrl_icon_play@2x.png */; };
		6939E60021A6ADD900E57989 /* player_icon_fullscreen@2x.png in Resources */ = {isa = PBXBuildFile; fileRef = 6939E5DE21A6ADD400E57989 /* player_icon_fullscreen@2x.png */; };
		6939E60121A6ADD900E57989 /* progress_icon_l@3x.png in Resources */ = {isa = PBXBuildFile; fileRef = 6939E5DF21A6ADD400E57989 /* progress_icon_l@3x.png */; };
		6939E60221A6ADD900E57989 /* player_ctrl_icon_play@3x.png in Resources */ = {isa = PBXBuildFile; fileRef = 6939E5E021A6ADD400E57989 /* player_ctrl_icon_play@3x.png */; };
		6939E60321A6ADD900E57989 /* fullscreen@2x.png in Resources */ = {isa = PBXBuildFile; fileRef = 6939E5E121A6ADD400E57989 /* fullscreen@2x.png */; };
		6939E60421A6ADD900E57989 /* player_ctrl_icon_pause@3x.png in Resources */ = {isa = PBXBuildFile; fileRef = 6939E5E221A6ADD400E57989 /* player_ctrl_icon_pause@3x.png */; };
		6939E60521A6ADD900E57989 /* top_shadow.png in Resources */ = {isa = PBXBuildFile; fileRef = 6939E5E321A6ADD400E57989 /* top_shadow.png */; };
		6939E60621A6ADD900E57989 /* fullscreen@3x.png in Resources */ = {isa = PBXBuildFile; fileRef = 6939E5E421A6ADD500E57989 /* fullscreen@3x.png */; };
		6939E60721A6ADD900E57989 /* close@2x.png in Resources */ = {isa = PBXBuildFile; fileRef = 6939E5E521A6ADD500E57989 /* close@2x.png */; };
		6939E60821A6ADD900E57989 /* play_new_brightness_day.png in Resources */ = {isa = PBXBuildFile; fileRef = 6939E5E621A6ADD500E57989 /* play_new_brightness_day.png */; };
		6939E60921A6ADD900E57989 /* nonfullscreen@2x.png in Resources */ = {isa = PBXBuildFile; fileRef = 6939E5E721A6ADD500E57989 /* nonfullscreen@2x.png */; };
		6939E60A21A6ADD900E57989 /* dot@3x.png in Resources */ = {isa = PBXBuildFile; fileRef = 6939E5E821A6ADD600E57989 /* dot@3x.png */; };
		6939E60B21A6ADD900E57989 /* player_ctrl_icon_pause@2x.png in Resources */ = {isa = PBXBuildFile; fileRef = 6939E5E921A6ADD600E57989 /* player_ctrl_icon_pause@2x.png */; };
		6939E60C21A6ADD900E57989 /* play_new_brightness_day@2x.png in Resources */ = {isa = PBXBuildFile; fileRef = 6939E5EA21A6ADD600E57989 /* play_new_brightness_day@2x.png */; };
		6939E60D21A6ADD900E57989 /* player_icon_lock@3x.png in Resources */ = {isa = PBXBuildFile; fileRef = 6939E5EB21A6ADD600E57989 /* player_icon_lock@3x.png */; };
		6939E60E21A6ADD900E57989 /* play_new_brightness_night.png in Resources */ = {isa = PBXBuildFile; fileRef = 6939E5EC21A6ADD600E57989 /* play_new_brightness_night.png */; };
		6939E60F21A6ADD900E57989 /* player_icon_nav_back@3x.png in Resources */ = {isa = PBXBuildFile; fileRef = 6939E5ED21A6ADD600E57989 /* player_icon_nav_back@3x.png */; };
		6939E61021A6ADD900E57989 /* player_icon_fullscreen@3x.png in Resources */ = {isa = PBXBuildFile; fileRef = 6939E5EE21A6ADD600E57989 /* player_icon_fullscreen@3x.png */; };
		6939E61121A6ADD900E57989 /* progress_icon_l@2x.png in Resources */ = {isa = PBXBuildFile; fileRef = 6939E5EF21A6ADD700E57989 /* progress_icon_l@2x.png */; };
		6939E61221A6ADD900E57989 /* bottom_shadow.png in Resources */ = {isa = PBXBuildFile; fileRef = 6939E5F021A6ADD700E57989 /* bottom_shadow.png */; };
		6939E61321A6ADD900E57989 /* player_icon_nav_back@2x.png in Resources */ = {isa = PBXBuildFile; fileRef = 6939E5F121A6ADD700E57989 /* player_icon_nav_back@2x.png */; };
		6939E61421A6ADD900E57989 /* player_ctrl_icon_next@3x.png in Resources */ = {isa = PBXBuildFile; fileRef = 6939E5F221A6ADD700E57989 /* player_ctrl_icon_next@3x.png */; };
		6939E61521A6ADD900E57989 /* dot@2x.png in Resources */ = {isa = PBXBuildFile; fileRef = 6939E5F321A6ADD800E57989 /* dot@2x.png */; };
		6939E61621A6ADD900E57989 /* player_ctrl_icon_next@2x.png in Resources */ = {isa = PBXBuildFile; fileRef = 6939E5F421A6ADD800E57989 /* player_ctrl_icon_next@2x.png */; };
		6939E61721A6ADD900E57989 /* player_icon_download@2x.png in Resources */ = {isa = PBXBuildFile; fileRef = 6939E5F521A6ADD800E57989 /* player_icon_download@2x.png */; };
		6939E61821A6ADD900E57989 /* play_new_brightness_night@2x.png in Resources */ = {isa = PBXBuildFile; fileRef = 6939E5F621A6ADD800E57989 /* play_new_brightness_night@2x.png */; };
		6939E61B21A6B11C00E57989 /* ZZBrightnessView.m in Sources */ = {isa = PBXBuildFile; fileRef = 6939E61A21A6B11C00E57989 /* ZZBrightnessView.m */; };
		6939E61E21A6B55500E57989 /* UIView+ZZFrame.m in Sources */ = {isa = PBXBuildFile; fileRef = 6939E61D21A6B55500E57989 /* UIView+ZZFrame.m */; };
		6939E62C21AB914300E57989 /* 1.jpg in Resources */ = {isa = PBXBuildFile; fileRef = 6939E62B21AB914300E57989 /* 1.jpg */; };
		71719F9F1E33DC2100824A3D /* LaunchScreen.storyboard in Resources */ = {isa = PBXBuildFile; fileRef = 71719F9D1E33DC2100824A3D /* LaunchScreen.storyboard */; };
		873B8AEB1B1F5CCA007FD442 /* Main.storyboard in Resources */ = {isa = PBXBuildFile; fileRef = 873B8AEA1B1F5CCA007FD442 /* Main.storyboard */; };
		AD33FBF9585DCBD4E5716526 /* Pods_ZZPlayer_Tests.framework in Frameworks */ = {isa = PBXBuildFile; fileRef = 0FFE126973D06C8AF1D3BBC2 /* Pods_ZZPlayer_Tests.framework */; };
/* End PBXBuildFile section */

/* Begin PBXContainerItemProxy section */
		6003F5B3195388D20070C39A /* PBXContainerItemProxy */ = {
			isa = PBXContainerItemProxy;
			containerPortal = 6003F582195388D10070C39A /* Project object */;
			proxyType = 1;
			remoteGlobalIDString = 6003F589195388D20070C39A;
			remoteInfo = ZZPlayer;
		};
/* End PBXContainerItemProxy section */

/* Begin PBXFileReference section */
		0FFE126973D06C8AF1D3BBC2 /* Pods_ZZPlayer_Tests.framework */ = {isa = PBXFileReference; explicitFileType = wrapper.framework; includeInIndex = 0; path = Pods_ZZPlayer_Tests.framework; sourceTree = BUILT_PRODUCTS_DIR; };
		23A7D8588AE1AB8BD7A4C776 /* Pods-ZZPlayer_Tests.debug.xcconfig */ = {isa = PBXFileReference; includeInIndex = 1; lastKnownFileType = text.xcconfig; name = "Pods-ZZPlayer_Tests.debug.xcconfig"; path = "Pods/Target Support Files/Pods-ZZPlayer_Tests/Pods-ZZPlayer_Tests.debug.xcconfig"; sourceTree = "<group>"; };
		3696CB1AC6C0BF6E4E67E024 /* Pods_ZZPlayer_Example.framework */ = {isa = PBXFileReference; explicitFileType = wrapper.framework; includeInIndex = 0; path = Pods_ZZPlayer_Example.framework; sourceTree = BUILT_PRODUCTS_DIR; };
		559FC015A29552E6F1934000 /* README.md */ = {isa = PBXFileReference; includeInIndex = 1; lastKnownFileType = net.daringfireball.markdown; name = README.md; path = ../README.md; sourceTree = "<group>"; };
		5A67C009DB275C85ACE6AA2F /* LICENSE */ = {isa = PBXFileReference; includeInIndex = 1; lastKnownFileType = text; name = LICENSE; path = ../LICENSE; sourceTree = "<group>"; };
		5BBF8A3E90412129B279FC5C /* ZZPlayer.podspec */ = {isa = PBXFileReference; includeInIndex = 1; lastKnownFileType = text; name = ZZPlayer.podspec; path = ../ZZPlayer.podspec; sourceTree = "<group>"; };
		6003F58A195388D20070C39A /* ZZPlayer_Example.app */ = {isa = PBXFileReference; explicitFileType = wrapper.application; includeInIndex = 0; path = ZZPlayer_Example.app; sourceTree = BUILT_PRODUCTS_DIR; };
		6003F58D195388D20070C39A /* Foundation.framework */ = {isa = PBXFileReference; lastKnownFileType = wrapper.framework; name = Foundation.framework; path = System/Library/Frameworks/Foundation.framework; sourceTree = SDKROOT; };
		6003F58F195388D20070C39A /* CoreGraphics.framework */ = {isa = PBXFileReference; lastKnownFileType = wrapper.framework; name = CoreGraphics.framework; path = System/Library/Frameworks/CoreGraphics.framework; sourceTree = SDKROOT; };
		6003F591195388D20070C39A /* UIKit.framework */ = {isa = PBXFileReference; lastKnownFileType = wrapper.framework; name = UIKit.framework; path = System/Library/Frameworks/UIKit.framework; sourceTree = SDKROOT; };
		6003F595195388D20070C39A /* ZZPlayer-Info.plist */ = {isa = PBXFileReference; lastKnownFileType = text.plist.xml; path = "ZZPlayer-Info.plist"; sourceTree = "<group>"; };
		6003F597195388D20070C39A /* en */ = {isa = PBXFileReference; lastKnownFileType = text.plist.strings; name = en; path = en.lproj/InfoPlist.strings; sourceTree = "<group>"; };
		6003F599195388D20070C39A /* main.m */ = {isa = PBXFileReference; lastKnownFileType = sourcecode.c.objc; path = main.m; sourceTree = "<group>"; };
		6003F59B195388D20070C39A /* ZZPlayer-Prefix.pch */ = {isa = PBXFileReference; lastKnownFileType = sourcecode.c.h; path = "ZZPlayer-Prefix.pch"; sourceTree = "<group>"; };
		6003F59C195388D20070C39A /* ZZAppDelegate.h */ = {isa = PBXFileReference; lastKnownFileType = sourcecode.c.h; path = ZZAppDelegate.h; sourceTree = "<group>"; };
		6003F59D195388D20070C39A /* ZZAppDelegate.m */ = {isa = PBXFileReference; lastKnownFileType = sourcecode.c.objc; path = ZZAppDelegate.m; sourceTree = "<group>"; };
		6003F5A5195388D20070C39A /* ZZViewController.h */ = {isa = PBXFileReference; lastKnownFileType = sourcecode.c.h; path = ZZViewController.h; sourceTree = "<group>"; };
		6003F5A6195388D20070C39A /* ZZViewController.m */ = {isa = PBXFileReference; lastKnownFileType = sourcecode.c.objc; path = ZZViewController.m; sourceTree = "<group>"; };
		6003F5A8195388D20070C39A /* Images.xcassets */ = {isa = PBXFileReference; lastKnownFileType = folder.assetcatalog; path = Images.xcassets; sourceTree = "<group>"; };
		6003F5AE195388D20070C39A /* ZZPlayer_Tests.xctest */ = {isa = PBXFileReference; explicitFileType = wrapper.cfbundle; includeInIndex = 0; path = ZZPlayer_Tests.xctest; sourceTree = BUILT_PRODUCTS_DIR; };
		6003F5AF195388D20070C39A /* XCTest.framework */ = {isa = PBXFileReference; lastKnownFileType = wrapper.framework; name = XCTest.framework; path = Library/Frameworks/XCTest.framework; sourceTree = DEVELOPER_DIR; };
		6003F5B7195388D20070C39A /* Tests-Info.plist */ = {isa = PBXFileReference; lastKnownFileType = text.plist.xml; path = "Tests-Info.plist"; sourceTree = "<group>"; };
		6003F5B9195388D20070C39A /* en */ = {isa = PBXFileReference; lastKnownFileType = text.plist.strings; name = en; path = en.lproj/InfoPlist.strings; sourceTree = "<group>"; };
		6003F5BB195388D20070C39A /* Tests.m */ = {isa = PBXFileReference; lastKnownFileType = sourcecode.c.objc; path = Tests.m; sourceTree = "<group>"; };
		606FC2411953D9B200FFA9A0 /* Tests-Prefix.pch */ = {isa = PBXFileReference; lastKnownFileType = sourcecode.c.h; path = "Tests-Prefix.pch"; sourceTree = "<group>"; };
		6939E5B421A695A900E57989 /* ZZPlayerManager.h */ = {isa = PBXFileReference; fileEncoding = 4; lastKnownFileType = sourcecode.c.h; path = ZZPlayerManager.h; sourceTree = "<group>"; };
		6939E5B521A695A900E57989 /* ZZPlayerView.h */ = {isa = PBXFileReference; fileEncoding = 4; lastKnownFileType = sourcecode.c.h; path = ZZPlayerView.h; sourceTree = "<group>"; };
		6939E5B621A695A900E57989 /* ZZVideoModel.h */ = {isa = PBXFileReference; fileEncoding = 4; lastKnownFileType = sourcecode.c.h; path = ZZVideoModel.h; sourceTree = "<group>"; };
		6939E5B721A695A900E57989 /* ZZPlayerControlView.h */ = {isa = PBXFileReference; fileEncoding = 4; lastKnownFileType = sourcecode.c.h; path = ZZPlayerControlView.h; sourceTree = "<group>"; };
		6939E5B821A695A900E57989 /* ZZPlayerLoadingView.m */ = {isa = PBXFileReference; fileEncoding = 4; lastKnownFileType = sourcecode.c.objc; path = ZZPlayerLoadingView.m; sourceTree = "<group>"; };
		6939E5B921A695A900E57989 /* ZZVideoModel.m */ = {isa = PBXFileReference; fileEncoding = 4; lastKnownFileType = sourcecode.c.objc; path = ZZVideoModel.m; sourceTree = "<group>"; };
		6939E5BA21A695A900E57989 /* ZZPlayerView.m */ = {isa = PBXFileReference; fileEncoding = 4; lastKnownFileType = sourcecode.c.objc; path = ZZPlayerView.m; sourceTree = "<group>"; };
		6939E5BB21A695A900E57989 /* ZZPlayerManager.m */ = {isa = PBXFileReference; fileEncoding = 4; lastKnownFileType = sourcecode.c.objc; path = ZZPlayerManager.m; sourceTree = "<group>"; };
		6939E5BC21A695A900E57989 /* ZZPlayerControlView.m */ = {isa = PBXFileReference; fileEncoding = 4; lastKnownFileType = sourcecode.c.objc; path = ZZPlayerControlView.m; sourceTree = "<group>"; };
		6939E5BD21A695A900E57989 /* ZZPlayerLoadingView.h */ = {isa = PBXFileReference; fileEncoding = 4; lastKnownFileType = sourcecode.c.h; path = ZZPlayerLoadingView.h; sourceTree = "<group>"; };
		6939E5CB21A69AF800E57989 /* ic_videodetails_loading@2x.png */ = {isa = PBXFileReference; lastKnownFileType = image.png; path = "ic_videodetails_loading@2x.png"; sourceTree = "<group>"; };
		6939E5CC21A69AF800E57989 /* ic_videodetails_loading@3x.png */ = {isa = PBXFileReference; lastKnownFileType = image.png; path = "ic_videodetails_loading@3x.png"; sourceTree = "<group>"; };
		6939E5D221A69F6B00E57989 /* UIViewController+ZZShouldAutorotate.h */ = {isa = PBXFileReference; lastKnownFileType = sourcecode.c.h; path = "UIViewController+ZZShouldAutorotate.h"; sourceTree = "<group>"; };
		6939E5D321A69F6B00E57989 /* UIViewController+ZZShouldAutorotate.m */ = {isa = PBXFileReference; lastKnownFileType = sourcecode.c.objc; path = "UIViewController+ZZShouldAutorotate.m"; sourceTree = "<group>"; };
		6939E5D521A6ADD200E57989 /* player_icon_unlock@2x.png */ = {isa = PBXFileReference; lastKnownFileType = image.png; path = "player_icon_unlock@2x.png"; sourceTree = "<group>"; };
		6939E5D621A6ADD200E57989 /* close@3x.png */ = {isa = PBXFileReference; lastKnownFileType = image.png; path = "close@3x.png"; sourceTree = "<group>"; };
		6939E5D721A6ADD200E57989 /* progress_icon_r@2x.png */ = {isa = PBXFileReference; lastKnownFileType = image.png; path = "progress_icon_r@2x.png"; sourceTree = "<group>"; };
		6939E5D821A6ADD300E57989 /* progress_icon_r@3x.png */ = {isa = PBXFileReference; lastKnownFileType = image.png; path = "progress_icon_r@3x.png"; sourceTree = "<group>"; };
		6939E5D921A6ADD300E57989 /* player_icon_lock@2x.png */ = {isa = PBXFileReference; lastKnownFileType = image.png; path = "player_icon_lock@2x.png"; sourceTree = "<group>"; };
		6939E5DA21A6ADD300E57989 /* player_icon_download@3x.png */ = {isa = PBXFileReference; lastKnownFileType = image.png; path = "player_icon_download@3x.png"; sourceTree = "<group>"; };
		6939E5DB21A6ADD300E57989 /* nonfullscreen@3x.png */ = {isa = PBXFileReference; lastKnownFileType = image.png; path = "nonfullscreen@3x.png"; sourceTree = "<group>"; };
		6939E5DC21A6ADD300E57989 /* player_icon_unlock@3x.png */ = {isa = PBXFileReference; lastKnownFileType = image.png; path = "player_icon_unlock@3x.png"; sourceTree = "<group>"; };
		6939E5DD21A6ADD400E57989 /* player_ctrl_icon_play@2x.png */ = {isa = PBXFileReference; lastKnownFileType = image.png; path = "player_ctrl_icon_play@2x.png"; sourceTree = "<group>"; };
		6939E5DE21A6ADD400E57989 /* player_icon_fullscreen@2x.png */ = {isa = PBXFileReference; lastKnownFileType = image.png; path = "player_icon_fullscreen@2x.png"; sourceTree = "<group>"; };
		6939E5DF21A6ADD400E57989 /* progress_icon_l@3x.png */ = {isa = PBXFileReference; lastKnownFileType = image.png; path = "progress_icon_l@3x.png"; sourceTree = "<group>"; };
		6939E5E021A6ADD400E57989 /* player_ctrl_icon_play@3x.png */ = {isa = PBXFileReference; lastKnownFileType = image.png; path = "player_ctrl_icon_play@3x.png"; sourceTree = "<group>"; };
		6939E5E121A6ADD400E57989 /* fullscreen@2x.png */ = {isa = PBXFileReference; lastKnownFileType = image.png; path = "fullscreen@2x.png"; sourceTree = "<group>"; };
		6939E5E221A6ADD400E57989 /* player_ctrl_icon_pause@3x.png */ = {isa = PBXFileReference; lastKnownFileType = image.png; path = "player_ctrl_icon_pause@3x.png"; sourceTree = "<group>"; };
		6939E5E321A6ADD400E57989 /* top_shadow.png */ = {isa = PBXFileReference; lastKnownFileType = image.png; path = top_shadow.png; sourceTree = "<group>"; };
		6939E5E421A6ADD500E57989 /* fullscreen@3x.png */ = {isa = PBXFileReference; lastKnownFileType = image.png; path = "fullscreen@3x.png"; sourceTree = "<group>"; };
		6939E5E521A6ADD500E57989 /* close@2x.png */ = {isa = PBXFileReference; lastKnownFileType = image.png; path = "close@2x.png"; sourceTree = "<group>"; };
		6939E5E621A6ADD500E57989 /* play_new_brightness_day.png */ = {isa = PBXFileReference; lastKnownFileType = image.png; path = play_new_brightness_day.png; sourceTree = "<group>"; };
		6939E5E721A6ADD500E57989 /* nonfullscreen@2x.png */ = {isa = PBXFileReference; lastKnownFileType = image.png; path = "nonfullscreen@2x.png"; sourceTree = "<group>"; };
		6939E5E821A6ADD600E57989 /* dot@3x.png */ = {isa = PBXFileReference; lastKnownFileType = image.png; path = "dot@3x.png"; sourceTree = "<group>"; };
		6939E5E921A6ADD600E57989 /* player_ctrl_icon_pause@2x.png */ = {isa = PBXFileReference; lastKnownFileType = image.png; path = "player_ctrl_icon_pause@2x.png"; sourceTree = "<group>"; };
		6939E5EA21A6ADD600E57989 /* play_new_brightness_day@2x.png */ = {isa = PBXFileReference; lastKnownFileType = image.png; path = "play_new_brightness_day@2x.png"; sourceTree = "<group>"; };
		6939E5EB21A6ADD600E57989 /* player_icon_lock@3x.png */ = {isa = PBXFileReference; lastKnownFileType = image.png; path = "player_icon_lock@3x.png"; sourceTree = "<group>"; };
		6939E5EC21A6ADD600E57989 /* play_new_brightness_night.png */ = {isa = PBXFileReference; lastKnownFileType = image.png; path = play_new_brightness_night.png; sourceTree = "<group>"; };
		6939E5ED21A6ADD600E57989 /* player_icon_nav_back@3x.png */ = {isa = PBXFileReference; lastKnownFileType = image.png; path = "player_icon_nav_back@3x.png"; sourceTree = "<group>"; };
		6939E5EE21A6ADD600E57989 /* player_icon_fullscreen@3x.png */ = {isa = PBXFileReference; lastKnownFileType = image.png; path = "player_icon_fullscreen@3x.png"; sourceTree = "<group>"; };
		6939E5EF21A6ADD700E57989 /* progress_icon_l@2x.png */ = {isa = PBXFileReference; lastKnownFileType = image.png; path = "progress_icon_l@2x.png"; sourceTree = "<group>"; };
		6939E5F021A6ADD700E57989 /* bottom_shadow.png */ = {isa = PBXFileReference; lastKnownFileType = image.png; path = bottom_shadow.png; sourceTree = "<group>"; };
		6939E5F121A6ADD700E57989 /* player_icon_nav_back@2x.png */ = {isa = PBXFileReference; lastKnownFileType = image.png; path = "player_icon_nav_back@2x.png"; sourceTree = "<group>"; };
		6939E5F221A6ADD700E57989 /* player_ctrl_icon_next@3x.png */ = {isa = PBXFileReference; lastKnownFileType = image.png; path = "player_ctrl_icon_next@3x.png"; sourceTree = "<group>"; };
		6939E5F321A6ADD800E57989 /* dot@2x.png */ = {isa = PBXFileReference; lastKnownFileType = image.png; path = "dot@2x.png"; sourceTree = "<group>"; };
		6939E5F421A6ADD800E57989 /* player_ctrl_icon_next@2x.png */ = {isa = PBXFileReference; lastKnownFileType = image.png; path = "player_ctrl_icon_next@2x.png"; sourceTree = "<group>"; };
		6939E5F521A6ADD800E57989 /* player_icon_download@2x.png */ = {isa = PBXFileReference; lastKnownFileType = image.png; path = "player_icon_download@2x.png"; sourceTree = "<group>"; };
		6939E5F621A6ADD800E57989 /* play_new_brightness_night@2x.png */ = {isa = PBXFileReference; lastKnownFileType = image.png; path = "play_new_brightness_night@2x.png"; sourceTree = "<group>"; };
		6939E61921A6B11C00E57989 /* ZZBrightnessView.h */ = {isa = PBXFileReference; lastKnownFileType = sourcecode.c.h; path = ZZBrightnessView.h; sourceTree = "<group>"; };
		6939E61A21A6B11C00E57989 /* ZZBrightnessView.m */ = {isa = PBXFileReference; lastKnownFileType = sourcecode.c.objc; path = ZZBrightnessView.m; sourceTree = "<group>"; };
		6939E61C21A6B55500E57989 /* UIView+ZZFrame.h */ = {isa = PBXFileReference; lastKnownFileType = sourcecode.c.h; path = "UIView+ZZFrame.h"; sourceTree = "<group>"; };
		6939E61D21A6B55500E57989 /* UIView+ZZFrame.m */ = {isa = PBXFileReference; lastKnownFileType = sourcecode.c.objc; path = "UIView+ZZFrame.m"; sourceTree = "<group>"; };
		6939E61F21A6B5B400E57989 /* ZZPlayer.h */ = {isa = PBXFileReference; lastKnownFileType = sourcecode.c.h; path = ZZPlayer.h; sourceTree = "<group>"; };
		6939E62B21AB914300E57989 /* 1.jpg */ = {isa = PBXFileReference; lastKnownFileType = image.jpeg; path = 1.jpg; sourceTree = "<group>"; };
		71719F9E1E33DC2100824A3D /* Base */ = {isa = PBXFileReference; lastKnownFileType = file.storyboard; name = Base; path = Base.lproj/LaunchScreen.storyboard; sourceTree = "<group>"; };
		8455EDCE542AA8E0C93F3DDB /* Pods-ZZPlayer_Tests.release.xcconfig */ = {isa = PBXFileReference; includeInIndex = 1; lastKnownFileType = text.xcconfig; name = "Pods-ZZPlayer_Tests.release.xcconfig"; path = "Pods/Target Support Files/Pods-ZZPlayer_Tests/Pods-ZZPlayer_Tests.release.xcconfig"; sourceTree = "<group>"; };
		873B8AEA1B1F5CCA007FD442 /* Main.storyboard */ = {isa = PBXFileReference; fileEncoding = 4; lastKnownFileType = file.storyboard; name = Main.storyboard; path = Base.lproj/Main.storyboard; sourceTree = "<group>"; };
		8D8DDCF2A99DBE76FFF9E7EC /* Pods-ZZPlayer_Example.release.xcconfig */ = {isa = PBXFileReference; includeInIndex = 1; lastKnownFileType = text.xcconfig; name = "Pods-ZZPlayer_Example.release.xcconfig"; path = "Pods/Target Support Files/Pods-ZZPlayer_Example/Pods-ZZPlayer_Example.release.xcconfig"; sourceTree = "<group>"; };
		BABC9EDA836FB87247D87078 /* Pods-ZZPlayer_Example.debug.xcconfig */ = {isa = PBXFileReference; includeInIndex = 1; lastKnownFileType = text.xcconfig; name = "Pods-ZZPlayer_Example.debug.xcconfig"; path = "Pods/Target Support Files/Pods-ZZPlayer_Example/Pods-ZZPlayer_Example.debug.xcconfig"; sourceTree = "<group>"; };
/* End PBXFileReference section */

/* Begin PBXFrameworksBuildPhase section */
		6003F587195388D20070C39A /* Frameworks */ = {
			isa = PBXFrameworksBuildPhase;
			buildActionMask = 2147483647;
			files = (
				6003F590195388D20070C39A /* CoreGraphics.framework in Frameworks */,
				6003F592195388D20070C39A /* UIKit.framework in Frameworks */,
				6003F58E195388D20070C39A /* Foundation.framework in Frameworks */,
				4F04AD2F2DCB4A85C1D72A44 /* Pods_ZZPlayer_Example.framework in Frameworks */,
			);
			runOnlyForDeploymentPostprocessing = 0;
		};
		6003F5AB195388D20070C39A /* Frameworks */ = {
			isa = PBXFrameworksBuildPhase;
			buildActionMask = 2147483647;
			files = (
				6003F5B0195388D20070C39A /* XCTest.framework in Frameworks */,
				6003F5B2195388D20070C39A /* UIKit.framework in Frameworks */,
				6003F5B1195388D20070C39A /* Foundation.framework in Frameworks */,
				AD33FBF9585DCBD4E5716526 /* Pods_ZZPlayer_Tests.framework in Frameworks */,
			);
			runOnlyForDeploymentPostprocessing = 0;
		};
/* End PBXFrameworksBuildPhase section */

/* Begin PBXGroup section */
		1BA5DF848D79110EC7E91F3A /* Pods */ = {
			isa = PBXGroup;
			children = (
				BABC9EDA836FB87247D87078 /* Pods-ZZPlayer_Example.debug.xcconfig */,
				8D8DDCF2A99DBE76FFF9E7EC /* Pods-ZZPlayer_Example.release.xcconfig */,
				23A7D8588AE1AB8BD7A4C776 /* Pods-ZZPlayer_Tests.debug.xcconfig */,
				8455EDCE542AA8E0C93F3DDB /* Pods-ZZPlayer_Tests.release.xcconfig */,
			);
			name = Pods;
			sourceTree = "<group>";
		};
		6003F581195388D10070C39A = {
			isa = PBXGroup;
			children = (
				60FF7A9C1954A5C5007DD14C /* Podspec Metadata */,
				6003F593195388D20070C39A /* Example for ZZPlayer */,
				6003F5B5195388D20070C39A /* Tests */,
				6003F58C195388D20070C39A /* Frameworks */,
				6003F58B195388D20070C39A /* Products */,
				1BA5DF848D79110EC7E91F3A /* Pods */,
			);
			sourceTree = "<group>";
		};
		6003F58B195388D20070C39A /* Products */ = {
			isa = PBXGroup;
			children = (
				6003F58A195388D20070C39A /* ZZPlayer_Example.app */,
				6003F5AE195388D20070C39A /* ZZPlayer_Tests.xctest */,
			);
			name = Products;
			sourceTree = "<group>";
		};
		6003F58C195388D20070C39A /* Frameworks */ = {
			isa = PBXGroup;
			children = (
				6003F58D195388D20070C39A /* Foundation.framework */,
				6003F58F195388D20070C39A /* CoreGraphics.framework */,
				6003F591195388D20070C39A /* UIKit.framework */,
				6003F5AF195388D20070C39A /* XCTest.framework */,
				3696CB1AC6C0BF6E4E67E024 /* Pods_ZZPlayer_Example.framework */,
				0FFE126973D06C8AF1D3BBC2 /* Pods_ZZPlayer_Tests.framework */,
			);
			name = Frameworks;
			sourceTree = "<group>";
		};
		6003F593195388D20070C39A /* Example for ZZPlayer */ = {
			isa = PBXGroup;
			children = (
				6939E5B321A695A900E57989 /* ZZPlayer */,
				6003F59C195388D20070C39A /* ZZAppDelegate.h */,
				6003F59D195388D20070C39A /* ZZAppDelegate.m */,
				873B8AEA1B1F5CCA007FD442 /* Main.storyboard */,
				6003F5A5195388D20070C39A /* ZZViewController.h */,
				6003F5A6195388D20070C39A /* ZZViewController.m */,
				71719F9D1E33DC2100824A3D /* LaunchScreen.storyboard */,
				6939E62B21AB914300E57989 /* 1.jpg */,
				6003F5A8195388D20070C39A /* Images.xcassets */,
				6003F594195388D20070C39A /* Supporting Files */,
			);
			name = "Example for ZZPlayer";
			path = ZZPlayer;
			sourceTree = "<group>";
		};
		6003F594195388D20070C39A /* Supporting Files */ = {
			isa = PBXGroup;
			children = (
				6003F595195388D20070C39A /* ZZPlayer-Info.plist */,
				6003F596195388D20070C39A /* InfoPlist.strings */,
				6003F599195388D20070C39A /* main.m */,
				6003F59B195388D20070C39A /* ZZPlayer-Prefix.pch */,
			);
			name = "Supporting Files";
			sourceTree = "<group>";
		};
		6003F5B5195388D20070C39A /* Tests */ = {
			isa = PBXGroup;
			children = (
				6003F5BB195388D20070C39A /* Tests.m */,
				6003F5B6195388D20070C39A /* Supporting Files */,
			);
			path = Tests;
			sourceTree = "<group>";
		};
		6003F5B6195388D20070C39A /* Supporting Files */ = {
			isa = PBXGroup;
			children = (
				6003F5B7195388D20070C39A /* Tests-Info.plist */,
				6003F5B8195388D20070C39A /* InfoPlist.strings */,
				606FC2411953D9B200FFA9A0 /* Tests-Prefix.pch */,
			);
			name = "Supporting Files";
			sourceTree = "<group>";
		};
		60FF7A9C1954A5C5007DD14C /* Podspec Metadata */ = {
			isa = PBXGroup;
			children = (
				5BBF8A3E90412129B279FC5C /* ZZPlayer.podspec */,
				559FC015A29552E6F1934000 /* README.md */,
				5A67C009DB275C85ACE6AA2F /* LICENSE */,
			);
			name = "Podspec Metadata";
			sourceTree = "<group>";
		};
		6939E5B321A695A900E57989 /* ZZPlayer */ = {
			isa = PBXGroup;
			children = (
				6939E5D021A69ED600E57989 /* Category */,
				6939E5CA21A69AF800E57989 /* ZZPlayerSource */,
				6939E5B721A695A900E57989 /* ZZPlayerControlView.h */,
				6939E5BC21A695A900E57989 /* ZZPlayerControlView.m */,
				6939E5BD21A695A900E57989 /* ZZPlayerLoadingView.h */,
				6939E5B821A695A900E57989 /* ZZPlayerLoadingView.m */,
				6939E5B421A695A900E57989 /* ZZPlayerManager.h */,
				6939E5BB21A695A900E57989 /* ZZPlayerManager.m */,
				6939E61921A6B11C00E57989 /* ZZBrightnessView.h */,
				6939E61A21A6B11C00E57989 /* ZZBrightnessView.m */,
				6939E5B521A695A900E57989 /* ZZPlayerView.h */,
				6939E5BA21A695A900E57989 /* ZZPlayerView.m */,
				6939E5B621A695A900E57989 /* ZZVideoModel.h */,
				6939E5B921A695A900E57989 /* ZZVideoModel.m */,
				6939E61F21A6B5B400E57989 /* ZZPlayer.h */,
			);
			path = ZZPlayer;
			sourceTree = "<group>";
		};
		6939E5CA21A69AF800E57989 /* ZZPlayerSource */ = {
			isa = PBXGroup;
			children = (
				6939E5F021A6ADD700E57989 /* bottom_shadow.png */,
				6939E5E521A6ADD500E57989 /* close@2x.png */,
				6939E5D621A6ADD200E57989 /* close@3x.png */,
				6939E5F321A6ADD800E57989 /* dot@2x.png */,
				6939E5E821A6ADD600E57989 /* dot@3x.png */,
				6939E5E121A6ADD400E57989 /* fullscreen@2x.png */,
				6939E5E421A6ADD500E57989 /* fullscreen@3x.png */,
				6939E5E721A6ADD500E57989 /* nonfullscreen@2x.png */,
				6939E5DB21A6ADD300E57989 /* nonfullscreen@3x.png */,
				6939E5E621A6ADD500E57989 /* play_new_brightness_day.png */,
				6939E5EA21A6ADD600E57989 /* play_new_brightness_day@2x.png */,
				6939E5EC21A6ADD600E57989 /* play_new_brightness_night.png */,
				6939E5F621A6ADD800E57989 /* play_new_brightness_night@2x.png */,
				6939E5F421A6ADD800E57989 /* player_ctrl_icon_next@2x.png */,
				6939E5F221A6ADD700E57989 /* player_ctrl_icon_next@3x.png */,
				6939E5E921A6ADD600E57989 /* player_ctrl_icon_pause@2x.png */,
				6939E5E221A6ADD400E57989 /* player_ctrl_icon_pause@3x.png */,
				6939E5DD21A6ADD400E57989 /* player_ctrl_icon_play@2x.png */,
				6939E5E021A6ADD400E57989 /* player_ctrl_icon_play@3x.png */,
				6939E5F521A6ADD800E57989 /* player_icon_download@2x.png */,
				6939E5DA21A6ADD300E57989 /* player_icon_download@3x.png */,
				6939E5DE21A6ADD400E57989 /* player_icon_fullscreen@2x.png */,
				6939E5EE21A6ADD600E57989 /* player_icon_fullscreen@3x.png */,
				6939E5D921A6ADD300E57989 /* player_icon_lock@2x.png */,
				6939E5EB21A6ADD600E57989 /* player_icon_lock@3x.png */,
				6939E5F121A6ADD700E57989 /* player_icon_nav_back@2x.png */,
				6939E5ED21A6ADD600E57989 /* player_icon_nav_back@3x.png */,
				6939E5D521A6ADD200E57989 /* player_icon_unlock@2x.png */,
				6939E5DC21A6ADD300E57989 /* player_icon_unlock@3x.png */,
				6939E5EF21A6ADD700E57989 /* progress_icon_l@2x.png */,
				6939E5DF21A6ADD400E57989 /* progress_icon_l@3x.png */,
				6939E5D721A6ADD200E57989 /* progress_icon_r@2x.png */,
				6939E5D821A6ADD300E57989 /* progress_icon_r@3x.png */,
				6939E5E321A6ADD400E57989 /* top_shadow.png */,
				6939E5CB21A69AF800E57989 /* ic_videodetails_loading@2x.png */,
				6939E5CC21A69AF800E57989 /* ic_videodetails_loading@3x.png */,
			);
			path = ZZPlayerSource;
			sourceTree = "<group>";
		};
		6939E5D021A69ED600E57989 /* Category */ = {
			isa = PBXGroup;
			children = (
				6939E5D221A69F6B00E57989 /* UIViewController+ZZShouldAutorotate.h */,
				6939E5D321A69F6B00E57989 /* UIViewController+ZZShouldAutorotate.m */,
				6939E61C21A6B55500E57989 /* UIView+ZZFrame.h */,
				6939E61D21A6B55500E57989 /* UIView+ZZFrame.m */,
			);
			path = Category;
			sourceTree = "<group>";
		};
/* End PBXGroup section */

/* Begin PBXNativeTarget section */
		6003F589195388D20070C39A /* ZZPlayer_Example */ = {
			isa = PBXNativeTarget;
			buildConfigurationList = 6003F5BF195388D20070C39A /* Build configuration list for PBXNativeTarget "ZZPlayer_Example" */;
			buildPhases = (
				03484E5822BF990D46203412 /* [CP] Check Pods Manifest.lock */,
				6003F586195388D20070C39A /* Sources */,
				6003F587195388D20070C39A /* Frameworks */,
				6003F588195388D20070C39A /* Resources */,
				C69B3295EB7B2F413495BAB2 /* [CP] Embed Pods Frameworks */,
			);
			buildRules = (
			);
			dependencies = (
			);
			name = ZZPlayer_Example;
			productName = ZZPlayer;
			productReference = 6003F58A195388D20070C39A /* ZZPlayer_Example.app */;
			productType = "com.apple.product-type.application";
		};
		6003F5AD195388D20070C39A /* ZZPlayer_Tests */ = {
			isa = PBXNativeTarget;
			buildConfigurationList = 6003F5C2195388D20070C39A /* Build configuration list for PBXNativeTarget "ZZPlayer_Tests" */;
			buildPhases = (
				B05C9B01583B4A31ED83F801 /* [CP] Check Pods Manifest.lock */,
				6003F5AA195388D20070C39A /* Sources */,
				6003F5AB195388D20070C39A /* Frameworks */,
				6003F5AC195388D20070C39A /* Resources */,
			);
			buildRules = (
			);
			dependencies = (
				6003F5B4195388D20070C39A /* PBXTargetDependency */,
			);
			name = ZZPlayer_Tests;
			productName = ZZPlayerTests;
			productReference = 6003F5AE195388D20070C39A /* ZZPlayer_Tests.xctest */;
			productType = "com.apple.product-type.bundle.unit-test";
		};
/* End PBXNativeTarget section */

/* Begin PBXProject section */
		6003F582195388D10070C39A /* Project object */ = {
			isa = PBXProject;
			attributes = {
				CLASSPREFIX = ZZ;
				LastUpgradeCheck = 0720;
				ORGANIZATIONNAME = zhouXiaoR;
				TargetAttributes = {
					6003F589195388D20070C39A = {
						DevelopmentTeam = VM5LLSM496;
					};
					6003F5AD195388D20070C39A = {
						TestTargetID = 6003F589195388D20070C39A;
					};
				};
			};
			buildConfigurationList = 6003F585195388D10070C39A /* Build configuration list for PBXProject "ZZPlayer" */;
			compatibilityVersion = "Xcode 3.2";
			developmentRegion = English;
			hasScannedForEncodings = 0;
			knownRegions = (
				en,
				Base,
			);
			mainGroup = 6003F581195388D10070C39A;
			productRefGroup = 6003F58B195388D20070C39A /* Products */;
			projectDirPath = "";
			projectRoot = "";
			targets = (
				6003F589195388D20070C39A /* ZZPlayer_Example */,
				6003F5AD195388D20070C39A /* ZZPlayer_Tests */,
			);
		};
/* End PBXProject section */

/* Begin PBXResourcesBuildPhase section */
		6003F588195388D20070C39A /* Resources */ = {
			isa = PBXResourcesBuildPhase;
			buildActionMask = 2147483647;
			files = (
				6939E61721A6ADD900E57989 /* player_icon_download@2x.png in Resources */,
				6939E60921A6ADD900E57989 /* nonfullscreen@2x.png in Resources */,
				6939E60221A6ADD900E57989 /* player_ctrl_icon_play@3x.png in Resources */,
				6939E61021A6ADD900E57989 /* player_icon_fullscreen@3x.png in Resources */,
				6939E5F821A6ADD900E57989 /* close@3x.png in Resources */,
				6939E60821A6ADD900E57989 /* play_new_brightness_day.png in Resources */,
				6939E60621A6ADD900E57989 /* fullscreen@3x.png in Resources */,
				6939E60021A6ADD900E57989 /* player_icon_fullscreen@2x.png in Resources */,
				6939E60F21A6ADD900E57989 /* player_icon_nav_back@3x.png in Resources */,
				873B8AEB1B1F5CCA007FD442 /* Main.storyboard in Resources */,
				6939E61421A6ADD900E57989 /* player_ctrl_icon_next@3x.png in Resources */,
				6939E61121A6ADD900E57989 /* progress_icon_l@2x.png in Resources */,
				6939E60121A6ADD900E57989 /* progress_icon_l@3x.png in Resources */,
				6939E5FA21A6ADD900E57989 /* progress_icon_r@3x.png in Resources */,
				6939E5FD21A6ADD900E57989 /* nonfullscreen@3x.png in Resources */,
				6939E61621A6ADD900E57989 /* player_ctrl_icon_next@2x.png in Resources */,
				6939E61521A6ADD900E57989 /* dot@2x.png in Resources */,
				6939E5FB21A6ADD900E57989 /* player_icon_lock@2x.png in Resources */,
				6939E61821A6ADD900E57989 /* play_new_brightness_night@2x.png in Resources */,
				6939E60721A6ADD900E57989 /* close@2x.png in Resources */,
				6939E60D21A6ADD900E57989 /* player_icon_lock@3x.png in Resources */,
				6939E60521A6ADD900E57989 /* top_shadow.png in Resources */,
				6939E60E21A6ADD900E57989 /* play_new_brightness_night.png in Resources */,
				6939E5CE21A69AF800E57989 /* ic_videodetails_loading@3x.png in Resources */,
				6939E60421A6ADD900E57989 /* player_ctrl_icon_pause@3x.png in Resources */,
				6939E5F921A6ADD900E57989 /* progress_icon_r@2x.png in Resources */,
				6939E5FE21A6ADD900E57989 /* player_icon_unlock@3x.png in Resources */,
				6939E5F721A6ADD900E57989 /* player_icon_unlock@2x.png in Resources */,
				6939E60B21A6ADD900E57989 /* player_ctrl_icon_pause@2x.png in Resources */,
				6939E60C21A6ADD900E57989 /* play_new_brightness_day@2x.png in Resources */,
				71719F9F1E33DC2100824A3D /* LaunchScreen.storyboard in Resources */,
				6939E5CD21A69AF800E57989 /* ic_videodetails_loading@2x.png in Resources */,
				6939E5FC21A6ADD900E57989 /* player_icon_download@3x.png in Resources */,
				6939E61221A6ADD900E57989 /* bottom_shadow.png in Resources */,
				6939E60321A6ADD900E57989 /* fullscreen@2x.png in Resources */,
				6003F5A9195388D20070C39A /* Images.xcassets in Resources */,
				6939E62C21AB914300E57989 /* 1.jpg in Resources */,
				6939E60A21A6ADD900E57989 /* dot@3x.png in Resources */,
				6939E61321A6ADD900E57989 /* player_icon_nav_back@2x.png in Resources */,
				6939E5FF21A6ADD900E57989 /* player_ctrl_icon_play@2x.png in Resources */,
				6003F598195388D20070C39A /* InfoPlist.strings in Resources */,
			);
			runOnlyForDeploymentPostprocessing = 0;
		};
		6003F5AC195388D20070C39A /* Resources */ = {
			isa = PBXResourcesBuildPhase;
			buildActionMask = 2147483647;
			files = (
				6003F5BA195388D20070C39A /* InfoPlist.strings in Resources */,
			);
			runOnlyForDeploymentPostprocessing = 0;
		};
/* End PBXResourcesBuildPhase section */

/* Begin PBXShellScriptBuildPhase section */
		03484E5822BF990D46203412 /* [CP] Check Pods Manifest.lock */ = {
			isa = PBXShellScriptBuildPhase;
			buildActionMask = 2147483647;
			files = (
			);
			inputPaths = (
				"${PODS_PODFILE_DIR_PATH}/Podfile.lock",
				"${PODS_ROOT}/Manifest.lock",
			);
			name = "[CP] Check Pods Manifest.lock";
			outputPaths = (
				"$(DERIVED_FILE_DIR)/Pods-ZZPlayer_Example-checkManifestLockResult.txt",
			);
			runOnlyForDeploymentPostprocessing = 0;
			shellPath = /bin/sh;
			shellScript = "diff \"${PODS_PODFILE_DIR_PATH}/Podfile.lock\" \"${PODS_ROOT}/Manifest.lock\" > /dev/null\nif [ $? != 0 ] ; then\n    # print error to STDERR\n    echo \"error: The sandbox is not in sync with the Podfile.lock. Run 'pod install' or update your CocoaPods installation.\" >&2\n    exit 1\nfi\n# This output is used by Xcode 'outputs' to avoid re-running this script phase.\necho \"SUCCESS\" > \"${SCRIPT_OUTPUT_FILE_0}\"\n";
			showEnvVarsInLog = 0;
		};
		B05C9B01583B4A31ED83F801 /* [CP] Check Pods Manifest.lock */ = {
			isa = PBXShellScriptBuildPhase;
			buildActionMask = 2147483647;
			files = (
			);
			inputPaths = (
				"${PODS_PODFILE_DIR_PATH}/Podfile.lock",
				"${PODS_ROOT}/Manifest.lock",
			);
			name = "[CP] Check Pods Manifest.lock";
			outputPaths = (
				"$(DERIVED_FILE_DIR)/Pods-ZZPlayer_Tests-checkManifestLockResult.txt",
			);
			runOnlyForDeploymentPostprocessing = 0;
			shellPath = /bin/sh;
			shellScript = "diff \"${PODS_PODFILE_DIR_PATH}/Podfile.lock\" \"${PODS_ROOT}/Manifest.lock\" > /dev/null\nif [ $? != 0 ] ; then\n    # print error to STDERR\n    echo \"error: The sandbox is not in sync with the Podfile.lock. Run 'pod install' or update your CocoaPods installation.\" >&2\n    exit 1\nfi\n# This output is used by Xcode 'outputs' to avoid re-running this script phase.\necho \"SUCCESS\" > \"${SCRIPT_OUTPUT_FILE_0}\"\n";
			showEnvVarsInLog = 0;
		};
		C69B3295EB7B2F413495BAB2 /* [CP] Embed Pods Frameworks */ = {
			isa = PBXShellScriptBuildPhase;
			buildActionMask = 2147483647;
			files = (
			);
			inputPaths = (
				"${SRCROOT}/Pods/Target Support Files/Pods-ZZPlayer_Example/Pods-ZZPlayer_Example-frameworks.sh",
				"${BUILT_PRODUCTS_DIR}/ZZPlayer/ZZPlayer.framework",
			);
			name = "[CP] Embed Pods Frameworks";
			outputPaths = (
				"${TARGET_BUILD_DIR}/${FRAMEWORKS_FOLDER_PATH}/ZZPlayer.framework",
			);
			runOnlyForDeploymentPostprocessing = 0;
			shellPath = /bin/sh;
			shellScript = "\"${SRCROOT}/Pods/Target Support Files/Pods-ZZPlayer_Example/Pods-ZZPlayer_Example-frameworks.sh\"\n";
			showEnvVarsInLog = 0;
		};
/* End PBXShellScriptBuildPhase section */

/* Begin PBXSourcesBuildPhase section */
		6003F586195388D20070C39A /* Sources */ = {
			isa = PBXSourcesBuildPhase;
			buildActionMask = 2147483647;
			files = (
				6939E5C121A695A900E57989 /* ZZPlayerManager.m in Sources */,
				6003F59E195388D20070C39A /* ZZAppDelegate.m in Sources */,
				6939E61E21A6B55500E57989 /* UIView+ZZFrame.m in Sources */,
				6939E5BF21A695A900E57989 /* ZZVideoModel.m in Sources */,
				6003F5A7195388D20070C39A /* ZZViewController.m in Sources */,
				6939E5D421A69F6B00E57989 /* UIViewController+ZZShouldAutorotate.m in Sources */,
				6939E5BE21A695A900E57989 /* ZZPlayerLoadingView.m in Sources */,
				6939E5C221A695A900E57989 /* ZZPlayerControlView.m in Sources */,
				6003F59A195388D20070C39A /* main.m in Sources */,
				6939E5C021A695A900E57989 /* ZZPlayerView.m in Sources */,
				6939E61B21A6B11C00E57989 /* ZZBrightnessView.m in Sources */,
			);
			runOnlyForDeploymentPostprocessing = 0;
		};
		6003F5AA195388D20070C39A /* Sources */ = {
			isa = PBXSourcesBuildPhase;
			buildActionMask = 2147483647;
			files = (
				6003F5BC195388D20070C39A /* Tests.m in Sources */,
			);
			runOnlyForDeploymentPostprocessing = 0;
		};
/* End PBXSourcesBuildPhase section */

/* Begin PBXTargetDependency section */
		6003F5B4195388D20070C39A /* PBXTargetDependency */ = {
			isa = PBXTargetDependency;
			target = 6003F589195388D20070C39A /* ZZPlayer_Example */;
			targetProxy = 6003F5B3195388D20070C39A /* PBXContainerItemProxy */;
		};
/* End PBXTargetDependency section */

/* Begin PBXVariantGroup section */
		6003F596195388D20070C39A /* InfoPlist.strings */ = {
			isa = PBXVariantGroup;
			children = (
				6003F597195388D20070C39A /* en */,
			);
			name = InfoPlist.strings;
			sourceTree = "<group>";
		};
		6003F5B8195388D20070C39A /* InfoPlist.strings */ = {
			isa = PBXVariantGroup;
			children = (
				6003F5B9195388D20070C39A /* en */,
			);
			name = InfoPlist.strings;
			sourceTree = "<group>";
		};
		71719F9D1E33DC2100824A3D /* LaunchScreen.storyboard */ = {
			isa = PBXVariantGroup;
			children = (
				71719F9E1E33DC2100824A3D /* Base */,
			);
			name = LaunchScreen.storyboard;
			sourceTree = "<group>";
		};
/* End PBXVariantGroup section */

/* Begin XCBuildConfiguration section */
		6003F5BD195388D20070C39A /* Debug */ = {
			isa = XCBuildConfiguration;
			buildSettings = {
				ALWAYS_SEARCH_USER_PATHS = NO;
				CLANG_CXX_LANGUAGE_STANDARD = "gnu++0x";
				CLANG_CXX_LIBRARY = "libc++";
				CLANG_ENABLE_MODULES = YES;
				CLANG_ENABLE_OBJC_ARC = YES;
				CLANG_WARN_BOOL_CONVERSION = YES;
				CLANG_WARN_CONSTANT_CONVERSION = YES;
				CLANG_WARN_DIRECT_OBJC_ISA_USAGE = YES_ERROR;
				CLANG_WARN_EMPTY_BODY = YES;
				CLANG_WARN_ENUM_CONVERSION = YES;
				CLANG_WARN_INT_CONVERSION = YES;
				CLANG_WARN_OBJC_ROOT_CLASS = YES_ERROR;
				CLANG_WARN__DUPLICATE_METHOD_MATCH = YES;
				"CODE_SIGN_IDENTITY[sdk=iphoneos*]" = "iPhone Developer";
				COPY_PHASE_STRIP = NO;
				ENABLE_TESTABILITY = YES;
				GCC_C_LANGUAGE_STANDARD = gnu99;
				GCC_DYNAMIC_NO_PIC = NO;
				GCC_OPTIMIZATION_LEVEL = 0;
				GCC_PREPROCESSOR_DEFINITIONS = (
					"DEBUG=1",
					"$(inherited)",
				);
				GCC_SYMBOLS_PRIVATE_EXTERN = NO;
				GCC_WARN_64_TO_32_BIT_CONVERSION = YES;
				GCC_WARN_ABOUT_RETURN_TYPE = YES_ERROR;
				GCC_WARN_UNDECLARED_SELECTOR = YES;
				GCC_WARN_UNINITIALIZED_AUTOS = YES_AGGRESSIVE;
				GCC_WARN_UNUSED_FUNCTION = YES;
				GCC_WARN_UNUSED_VARIABLE = YES;
				IPHONEOS_DEPLOYMENT_TARGET = 9.3;
				ONLY_ACTIVE_ARCH = YES;
				SDKROOT = iphoneos;
				TARGETED_DEVICE_FAMILY = "1,2";
			};
			name = Debug;
		};
		6003F5BE195388D20070C39A /* Release */ = {
			isa = XCBuildConfiguration;
			buildSettings = {
				ALWAYS_SEARCH_USER_PATHS = NO;
				CLANG_CXX_LANGUAGE_STANDARD = "gnu++0x";
				CLANG_CXX_LIBRARY = "libc++";
				CLANG_ENABLE_MODULES = YES;
				CLANG_ENABLE_OBJC_ARC = YES;
				CLANG_WARN_BOOL_CONVERSION = YES;
				CLANG_WARN_CONSTANT_CONVERSION = YES;
				CLANG_WARN_DIRECT_OBJC_ISA_USAGE = YES_ERROR;
				CLANG_WARN_EMPTY_BODY = YES;
				CLANG_WARN_ENUM_CONVERSION = YES;
				CLANG_WARN_INT_CONVERSION = YES;
				CLANG_WARN_OBJC_ROOT_CLASS = YES_ERROR;
				CLANG_WARN__DUPLICATE_METHOD_MATCH = YES;
				"CODE_SIGN_IDENTITY[sdk=iphoneos*]" = "iPhone Developer";
				COPY_PHASE_STRIP = YES;
				ENABLE_NS_ASSERTIONS = NO;
				GCC_C_LANGUAGE_STANDARD = gnu99;
				GCC_WARN_64_TO_32_BIT_CONVERSION = YES;
				GCC_WARN_ABOUT_RETURN_TYPE = YES_ERROR;
				GCC_WARN_UNDECLARED_SELECTOR = YES;
				GCC_WARN_UNINITIALIZED_AUTOS = YES_AGGRESSIVE;
				GCC_WARN_UNUSED_FUNCTION = YES;
				GCC_WARN_UNUSED_VARIABLE = YES;
				IPHONEOS_DEPLOYMENT_TARGET = 9.3;
				SDKROOT = iphoneos;
				TARGETED_DEVICE_FAMILY = "1,2";
				VALIDATE_PRODUCT = YES;
			};
			name = Release;
		};
		6003F5C0195388D20070C39A /* Debug */ = {
			isa = XCBuildConfiguration;
			baseConfigurationReference = BABC9EDA836FB87247D87078 /* Pods-ZZPlayer_Example.debug.xcconfig */;
			buildSettings = {
				ASSETCATALOG_COMPILER_APPICON_NAME = AppIcon;
				DEVELOPMENT_TEAM = VM5LLSM496;
				GCC_PRECOMPILE_PREFIX_HEADER = YES;
				GCC_PREFIX_HEADER = "ZZPlayer/ZZPlayer-Prefix.pch";
				INFOPLIST_FILE = "ZZPlayer/ZZPlayer-Info.plist";
				MODULE_NAME = ExampleApp;
				PRODUCT_BUNDLE_IDENTIFIER = "org.cocoapods.demo.${PRODUCT_NAME:rfc1034identifier}";
				PRODUCT_NAME = "$(TARGET_NAME)";
				WRAPPER_EXTENSION = app;
			};
			name = Debug;
		};
		6003F5C1195388D20070C39A /* Release */ = {
			isa = XCBuildConfiguration;
			baseConfigurationReference = 8D8DDCF2A99DBE76FFF9E7EC /* Pods-ZZPlayer_Example.release.xcconfig */;
			buildSettings = {
				ASSETCATALOG_COMPILER_APPICON_NAME = AppIcon;
				DEVELOPMENT_TEAM = VM5LLSM496;
				GCC_PRECOMPILE_PREFIX_HEADER = YES;
				GCC_PREFIX_HEADER = "ZZPlayer/ZZPlayer-Prefix.pch";
				INFOPLIST_FILE = "ZZPlayer/ZZPlayer-Info.plist";
				MODULE_NAME = ExampleApp;
				PRODUCT_BUNDLE_IDENTIFIER = "org.cocoapods.demo.${PRODUCT_NAME:rfc1034identifier}";
				PRODUCT_NAME = "$(TARGET_NAME)";
				WRAPPER_EXTENSION = app;
			};
			name = Release;
		};
		6003F5C3195388D20070C39A /* Debug */ = {
			isa = XCBuildConfiguration;
			baseConfigurationReference = 23A7D8588AE1AB8BD7A4C776 /* Pods-ZZPlayer_Tests.debug.xcconfig */;
			buildSettings = {
				BUNDLE_LOADER = "$(TEST_HOST)";
				FRAMEWORK_SEARCH_PATHS = (
					"$(SDKROOT)/Developer/Library/Frameworks",
					"$(inherited)",
					"$(DEVELOPER_FRAMEWORKS_DIR)",
				);
				GCC_PRECOMPILE_PREFIX_HEADER = YES;
				GCC_PREFIX_HEADER = "Tests/Tests-Prefix.pch";
				GCC_PREPROCESSOR_DEFINITIONS = (
					"DEBUG=1",
					"$(inherited)",
				);
				INFOPLIST_FILE = "Tests/Tests-Info.plist";
				PRODUCT_BUNDLE_IDENTIFIER = "org.cocoapods.demo.${PRODUCT_NAME:rfc1034identifier}";
				PRODUCT_NAME = "$(TARGET_NAME)";
				TEST_HOST = "$(BUILT_PRODUCTS_DIR)/ZZPlayer_Example.app/ZZPlayer_Example";
				WRAPPER_EXTENSION = xctest;
			};
			name = Debug;
		};
		6003F5C4195388D20070C39A /* Release */ = {
			isa = XCBuildConfiguration;
			baseConfigurationReference = 8455EDCE542AA8E0C93F3DDB /* Pods-ZZPlayer_Tests.release.xcconfig */;
			buildSettings = {
				BUNDLE_LOADER = "$(TEST_HOST)";
				FRAMEWORK_SEARCH_PATHS = (
					"$(SDKROOT)/Developer/Library/Frameworks",
					"$(inherited)",
					"$(DEVELOPER_FRAMEWORKS_DIR)",
				);
				GCC_PRECOMPILE_PREFIX_HEADER = YES;
				GCC_PREFIX_HEADER = "Tests/Tests-Prefix.pch";
				INFOPLIST_FILE = "Tests/Tests-Info.plist";
				PRODUCT_BUNDLE_IDENTIFIER = "org.cocoapods.demo.${PRODUCT_NAME:rfc1034identifier}";
				PRODUCT_NAME = "$(TARGET_NAME)";
				TEST_HOST = "$(BUILT_PRODUCTS_DIR)/ZZPlayer_Example.app/ZZPlayer_Example";
				WRAPPER_EXTENSION = xctest;
			};
			name = Release;
		};
/* End XCBuildConfiguration section */

/* Begin XCConfigurationList section */
		6003F585195388D10070C39A /* Build configuration list for PBXProject "ZZPlayer" */ = {
			isa = XCConfigurationList;
			buildConfigurations = (
				6003F5BD195388D20070C39A /* Debug */,
				6003F5BE195388D20070C39A /* Release */,
			);
			defaultConfigurationIsVisible = 0;
			defaultConfigurationName = Release;
		};
		6003F5BF195388D20070C39A /* Build configuration list for PBXNativeTarget "ZZPlayer_Example" */ = {
			isa = XCConfigurationList;
			buildConfigurations = (
				6003F5C0195388D20070C39A /* Debug */,
				6003F5C1195388D20070C39A /* Release */,
			);
			defaultConfigurationIsVisible = 0;
			defaultConfigurationName = Release;
		};
		6003F5C2195388D20070C39A /* Build configuration list for PBXNativeTarget "ZZPlayer_Tests" */ = {
			isa = XCConfigurationList;
			buildConfigurations = (
				6003F5C3195388D20070C39A /* Debug */,
				6003F5C4195388D20070C39A /* Release */,
			);
			defaultConfigurationIsVisible = 0;
			defaultConfigurationName = Release;
		};
/* End XCConfigurationList section */
	};
	rootObject = 6003F582195388D10070C39A /* Project object */;
}
